
Microsoft Visual Studio Solution File, Format Version 12.00
# Visual Studio Version 16
VisualStudioVersion = 25.0.1703.6
MinimumVisualStudioVersion = 10.0.40219.1
Project("{FAE04EC0-301F-11D3-BF4B-00C04F79EFBC}") = "Week13SQLLiteDB", "Week13SQLLiteDB\Week13SQLLiteDB.csproj", "{76190A34-2271-482F-A8F7-9CE4AE3B2803}"
EndProject
Global
	GlobalSection(SolutionConfigurationPlatforms) = preSolution
		Debug|Any CPU = Debug|Any CPU
		Release|Any CPU = Release|Any CPU
	EndGlobalSection
	GlobalSection(ProjectConfigurationPlatforms) = postSolution
		{76190A34-2271-482F-A8F7-9CE4AE3B2803}.Debug|Any CPU.ActiveCfg = Debug|Any CPU
		{76190A34-2271-482F-A8F7-9CE4AE3B2803}.Debug|Any CPU.Build.0 = Debug|Any CPU
		{76190A34-2271-482F-A8F7-9CE4AE3B2803}.Release|Any CPU.ActiveCfg = Release|Any CPU
		{76190A34-2271-482F-A8F7-9CE4AE3B2803}.Release|Any CPU.Build.0 = Release|Any CPU
	EndGlobalSection
	GlobalSection(SolutionProperties) = preSolution
		HideSolutionNode = FALSE
	EndGlobalSection
	GlobalSection(ExtensibilityGlobals) = postSolution
		SolutionGuid = {5522FF45-8494-45E1-B595-6231A25668B0}
	EndGlobalSection
EndGlobal
